
Microsoft Visual Studio Solution File, Format Version 12.00
# Visual Studio Version 16
VisualStudioVersion = 16.0.30907.101
MinimumVisualStudioVersion = 10.0.40219.1
Project("{FAE04EC0-301F-11D3-BF4B-00C04F79EFBC}") = "PredictorMVVM", "PredictorMVVM\PredictorMVVM.csproj", "{916CD610-F508-42F0-8036-5DAC9E5D6F5D}"
EndProject
Global
	GlobalSection(SolutionConfigurationPlatforms) = preSolution
		Debug|Any CPU = Debug|Any CPU
		Release|Any CPU = Release|Any CPU
	EndGlobalSection
	GlobalSection(ProjectConfigurationPlatforms) = postSolution
		{916CD610-F508-42F0-8036-5DAC9E5D6F5D}.Debug|Any CPU.ActiveCfg = Debug|Any CPU
		{916CD610-F508-42F0-8036-5DAC9E5D6F5D}.Debug|Any CPU.Build.0 = Debug|Any CPU
		{916CD610-F508-42F0-8036-5DAC9E5D6F5D}.Release|Any CPU.ActiveCfg = Release|Any CPU
		{916CD610-F508-42F0-8036-5DAC9E5D6F5D}.Release|Any CPU.Build.0 = Release|Any CPU
	EndGlobalSection
	GlobalSection(SolutionProperties) = preSolution
		HideSolutionNode = FALSE
	EndGlobalSection
	GlobalSection(ExtensibilityGlobals) = postSolution
		SolutionGuid = {61D8D921-7F12-4D82-A435-B4957E9B0904}
	EndGlobalSection
EndGlobal
